
Microsoft Visual Studio Solution File, Format Version 12.00
# Visual Studio Version 16
VisualStudioVersion = 16.0.32630.194
MinimumVisualStudioVersion = 10.0.40219.1
Project("{FAE04EC0-301F-11D3-BF4B-00C04F79EFBC}") = "Exception", "Exception\Exception.csproj", "{79BA536D-3B7A-4E30-9D0A-993777037E04}"
EndProject
Project("{FAE04EC0-301F-11D3-BF4B-00C04F79EFBC}") = "ExceptionInvalidation", "ExceptionInvalidation\ExceptionInvalidation.csproj", "{D81E46C5-D15B-4CC7-B790-38DC05DD05D0}"
EndProject
Project("{FAE04EC0-301F-11D3-BF4B-00C04F79EFBC}") = "EventHandling", "EventHandling\EventHandling.csproj", "{FF85C211-9C98-4276-B936-D9A82705C31D}"
EndProject
Project("{FAE04EC0-301F-11D3-BF4B-00C04F79EFBC}") = "AsynkWithDelegates", "AsynkWithDelegates\AsynkWithDelegates.csproj", "{1B4790B0-EAC8-4EA9-A225-AF4C2D4D35C7}"
EndProject
Global
	GlobalSection(SolutionConfigurationPlatforms) = preSolution
		Debug|Any CPU = Debug|Any CPU
		Release|Any CPU = Release|Any CPU
	EndGlobalSection
	GlobalSection(ProjectConfigurationPlatforms) = postSolution
		{79BA536D-3B7A-4E30-9D0A-993777037E04}.Debug|Any CPU.ActiveCfg = Debug|Any CPU
		{79BA536D-3B7A-4E30-9D0A-993777037E04}.Debug|Any CPU.Build.0 = Debug|Any CPU
		{79BA536D-3B7A-4E30-9D0A-993777037E04}.Release|Any CPU.ActiveCfg = Release|Any CPU
		{79BA536D-3B7A-4E30-9D0A-993777037E04}.Release|Any CPU.Build.0 = Release|Any CPU
		{D81E46C5-D15B-4CC7-B790-38DC05DD05D0}.Debug|Any CPU.ActiveCfg = Debug|Any CPU
		{D81E46C5-D15B-4CC7-B790-38DC05DD05D0}.Debug|Any CPU.Build.0 = Debug|Any CPU
		{D81E46C5-D15B-4CC7-B790-38DC05DD05D0}.Release|Any CPU.ActiveCfg = Release|Any CPU
		{D81E46C5-D15B-4CC7-B790-38DC05DD05D0}.Release|Any CPU.Build.0 = Release|Any CPU
		{FF85C211-9C98-4276-B936-D9A82705C31D}.Debug|Any CPU.ActiveCfg = Debug|Any CPU
		{FF85C211-9C98-4276-B936-D9A82705C31D}.Debug|Any CPU.Build.0 = Debug|Any CPU
		{FF85C211-9C98-4276-B936-D9A82705C31D}.Release|Any CPU.ActiveCfg = Release|Any CPU
		{FF85C211-9C98-4276-B936-D9A82705C31D}.Release|Any CPU.Build.0 = Release|Any CPU
		{1B4790B0-EAC8-4EA9-A225-AF4C2D4D35C7}.Debug|Any CPU.ActiveCfg = Debug|Any CPU
		{1B4790B0-EAC8-4EA9-A225-AF4C2D4D35C7}.Debug|Any CPU.Build.0 = Debug|Any CPU
		{1B4790B0-EAC8-4EA9-A225-AF4C2D4D35C7}.Release|Any CPU.ActiveCfg = Release|Any CPU
		{1B4790B0-EAC8-4EA9-A225-AF4C2D4D35C7}.Release|Any CPU.Build.0 = Release|Any CPU
	EndGlobalSection
	GlobalSection(SolutionProperties) = preSolution
		HideSolutionNode = FALSE
	EndGlobalSection
	GlobalSection(ExtensibilityGlobals) = postSolution
		SolutionGuid = {D07A631C-2CAB-4DDC-83EE-049DD12AF4CF}
	EndGlobalSection
EndGlobal
