
Microsoft Visual Studio Solution File, Format Version 12.00
# Visual Studio Version 16
VisualStudioVersion = 16.0.32630.194
MinimumVisualStudioVersion = 10.0.40219.1
Project("{FAE04EC0-301F-11D3-BF4B-00C04F79EFBC}") = "Constructors AndObjects", "Constructors AndObjects\Constructors AndObjects.csproj", "{F1525AC9-83F7-4733-8042-8888DFA62897}"
EndProject
Global
	GlobalSection(SolutionConfigurationPlatforms) = preSolution
		Debug|Any CPU = Debug|Any CPU
		Release|Any CPU = Release|Any CPU
	EndGlobalSection
	GlobalSection(ProjectConfigurationPlatforms) = postSolution
		{F1525AC9-83F7-4733-8042-8888DFA62897}.Debug|Any CPU.ActiveCfg = Debug|Any CPU
		{F1525AC9-83F7-4733-8042-8888DFA62897}.Debug|Any CPU.Build.0 = Debug|Any CPU
		{F1525AC9-83F7-4733-8042-8888DFA62897}.Release|Any CPU.ActiveCfg = Release|Any CPU
		{F1525AC9-83F7-4733-8042-8888DFA62897}.Release|Any CPU.Build.0 = Release|Any CPU
	EndGlobalSection
	GlobalSection(SolutionProperties) = preSolution
		HideSolutionNode = FALSE
	EndGlobalSection
	GlobalSection(ExtensibilityGlobals) = postSolution
		SolutionGuid = {2E092B4F-D9BA-4D19-8063-4FB7AACF3743}
	EndGlobalSection
EndGlobal
