
Microsoft Visual Studio Solution File, Format Version 12.00
# Visual Studio Version 16
VisualStudioVersion = 16.0.32630.194
MinimumVisualStudioVersion = 10.0.40219.1
Project("{FAE04EC0-301F-11D3-BF4B-00C04F79EFBC}") = "VarVariables", "VarVariables\VarVariables.csproj", "{3A9410FF-557D-4571-9176-A0658ED450CF}"
EndProject
Project("{FAE04EC0-301F-11D3-BF4B-00C04F79EFBC}") = "PartialClass", "PartialClass\PartialClass.csproj", "{1389D39C-05A6-4102-9BCC-A424EE33BA2B}"
EndProject
Global
	GlobalSection(SolutionConfigurationPlatforms) = preSolution
		Debug|Any CPU = Debug|Any CPU
		Release|Any CPU = Release|Any CPU
	EndGlobalSection
	GlobalSection(ProjectConfigurationPlatforms) = postSolution
		{3A9410FF-557D-4571-9176-A0658ED450CF}.Debug|Any CPU.ActiveCfg = Debug|Any CPU
		{3A9410FF-557D-4571-9176-A0658ED450CF}.Debug|Any CPU.Build.0 = Debug|Any CPU
		{3A9410FF-557D-4571-9176-A0658ED450CF}.Release|Any CPU.ActiveCfg = Release|Any CPU
		{3A9410FF-557D-4571-9176-A0658ED450CF}.Release|Any CPU.Build.0 = Release|Any CPU
		{1389D39C-05A6-4102-9BCC-A424EE33BA2B}.Debug|Any CPU.ActiveCfg = Debug|Any CPU
		{1389D39C-05A6-4102-9BCC-A424EE33BA2B}.Debug|Any CPU.Build.0 = Debug|Any CPU
		{1389D39C-05A6-4102-9BCC-A424EE33BA2B}.Release|Any CPU.ActiveCfg = Release|Any CPU
		{1389D39C-05A6-4102-9BCC-A424EE33BA2B}.Release|Any CPU.Build.0 = Release|Any CPU
	EndGlobalSection
	GlobalSection(SolutionProperties) = preSolution
		HideSolutionNode = FALSE
	EndGlobalSection
	GlobalSection(ExtensibilityGlobals) = postSolution
		SolutionGuid = {7C47AA19-E9AC-4804-83AC-CA25BF0E69BF}
	EndGlobalSection
EndGlobal
