
Microsoft Visual Studio Solution File, Format Version 12.00
# Visual Studio Version 16
VisualStudioVersion = 16.0.32630.194
MinimumVisualStudioVersion = 10.0.40219.1
Project("{FAE04EC0-301F-11D3-BF4B-00C04F79EFBC}") = "Inheritence", "Inheritence\Inheritence.csproj", "{FABFF326-E2AC-4B8E-A569-099DE76AACA5}"
EndProject
Project("{FAE04EC0-301F-11D3-BF4B-00C04F79EFBC}") = "AccessLibrary", "..\AccessLibrary\AccessLibrary\AccessLibrary.csproj", "{FBE68377-1CAD-4DF0-BDE2-FCD653072324}"
EndProject
Global
	GlobalSection(SolutionConfigurationPlatforms) = preSolution
		Debug|Any CPU = Debug|Any CPU
		Release|Any CPU = Release|Any CPU
	EndGlobalSection
	GlobalSection(ProjectConfigurationPlatforms) = postSolution
		{FABFF326-E2AC-4B8E-A569-099DE76AACA5}.Debug|Any CPU.ActiveCfg = Debug|Any CPU
		{FABFF326-E2AC-4B8E-A569-099DE76AACA5}.Debug|Any CPU.Build.0 = Debug|Any CPU
		{FABFF326-E2AC-4B8E-A569-099DE76AACA5}.Release|Any CPU.ActiveCfg = Release|Any CPU
		{FABFF326-E2AC-4B8E-A569-099DE76AACA5}.Release|Any CPU.Build.0 = Release|Any CPU
		{FBE68377-1CAD-4DF0-BDE2-FCD653072324}.Debug|Any CPU.ActiveCfg = Debug|Any CPU
		{FBE68377-1CAD-4DF0-BDE2-FCD653072324}.Debug|Any CPU.Build.0 = Debug|Any CPU
		{FBE68377-1CAD-4DF0-BDE2-FCD653072324}.Release|Any CPU.ActiveCfg = Release|Any CPU
		{FBE68377-1CAD-4DF0-BDE2-FCD653072324}.Release|Any CPU.Build.0 = Release|Any CPU
	EndGlobalSection
	GlobalSection(SolutionProperties) = preSolution
		HideSolutionNode = FALSE
	EndGlobalSection
	GlobalSection(ExtensibilityGlobals) = postSolution
		SolutionGuid = {ECE258AA-A94A-46D4-8E7F-9503B1C86AD6}
	EndGlobalSection
EndGlobal
